{
    "_meta": {
        "hash": {
            "sha256": "6ffc0de0a011939e0fec69b7090d83cb134471ae5240cb9da49b5f6b2dd17e69"
        },
        "pipfile-spec": 6,
        "requires": {
            "python_version": "3.9"
        },
        "sources": [
            {
                "name": "pypi",
                "url": "https://pypi.org/simple",
                "verify_ssl": true
            }
        ]
    },
    "default": {
        "certifi": {
            "hashes": [
                "sha256:78884e7c1d4b00ce3cea67b44566851c4343c120abd683433ce934a68ea58872",
                "sha256:d62a0163eb4c2344ac042ab2bdf75399a71a2d8c7d47eac2e2ee91b9d6339569"
            ],
            "version": "==2021.10.8"
        },
        "elasticsearch": {
            "hashes": [
                "sha256:406013783cc36af28ea36cd58cf184cd646530e47eea41336b386322fb878b59",
                "sha256:ccbf3d1651eb79798a55c1e84b8be850db3873f0329e74086a2cfba37e8c288c"
            ],
            "index": "pypi",
            "version": "==7.17.0"
        },
        "urllib3": {
            "hashes": [
                "sha256:000ca7f471a233c2251c6c7023ee85305721bfdf18621ebff4fd17a8653427ed",
                "sha256:0e7c33d9a63e7ddfcb86780aac87befc2fbddf46c58dbb487e0855f7ceec283c"
            ],
            "markers": "python_version >= '2.7' and python_version not in '3.0, 3.1, 3.2, 3.3, 3.4' and python_version < '4'",
            "version": "==1.26.8"
        }
    },
    "develop": {}
}
